
Microsoft Visual Studio Solution File, Format Version 12.00
# Visual Studio 14
VisualStudioVersion = 14.0.25420.1
MinimumVisualStudioVersion = 10.0.40219.1
Project("{FAE04EC0-301F-11D3-BF4B-00C04F79EFBC}") = "Ipatov.DataBindings", "Ipatov.DataBindings\Ipatov.DataBindings.csproj", "{E94D353D-D0E6-4D13-85EC-FBF5BB9478A7}"
EndProject
Project("{FAE04EC0-301F-11D3-BF4B-00C04F79EFBC}") = "Ipatov.ServiceLocator", "Ipatov.ServiceLocator\Ipatov.ServiceLocator.csproj", "{6ACDC042-DC1B-404A-B746-4CAFE8B6597B}"
EndProject
Project("{FAE04EC0-301F-11D3-BF4B-00C04F79EFBC}") = "Ipatov.MarkupRender", "Ipatov.MarkupRender\Ipatov.MarkupRender.csproj", "{9CFE9A8D-B88C-4EE0-820D-C8EF020D11D2}"
EndProject
Project("{FAE04EC0-301F-11D3-BF4B-00C04F79EFBC}") = "Ipatov.MarkupRender.Test", "Ipatov.MarkupRender.Test\Ipatov.MarkupRender.Test.csproj", "{FF0CEC3B-3CD4-44E9-ACE3-5C5A8C274DE2}"
EndProject
Project("{2150E333-8FDC-42A3-9474-1A3956D46DE8}") = "MarkupRender", "MarkupRender", "{A1B17634-2281-4BB5-93D9-395647F0DE9E}"
EndProject
Project("{FAE04EC0-301F-11D3-BF4B-00C04F79EFBC}") = "Ipatov.WeakEvents", "Ipatov.WeakEvents\Ipatov.WeakEvents.csproj", "{A26699BB-193B-4343-A4C6-118755B1C648}"
EndProject
Project("{2150E333-8FDC-42A3-9474-1A3956D46DE8}") = "Tasks", "Tasks", "{8AA31863-565A-4182-9049-BBC18FFB1C15}"
EndProject
Project("{FAE04EC0-301F-11D3-BF4B-00C04F79EFBC}") = "Ipatov.Async", "Ipatov.Async\Ipatov.Async.csproj", "{B1E8BB5E-BA12-4DA8-AC58-8FD1A4A6BDD2}"
EndProject
Project("{FAE04EC0-301F-11D3-BF4B-00C04F79EFBC}") = "Ipatov.Async.Tests", "Ipatov.Async.Tests\Ipatov.Async.Tests.csproj", "{FA3AC14C-72C7-4798-90D0-749570EEEF33}"
EndProject
Global
	GlobalSection(SolutionConfigurationPlatforms) = preSolution
		Debug|Any CPU = Debug|Any CPU
		Debug|ARM = Debug|ARM
		Debug|x64 = Debug|x64
		Debug|x86 = Debug|x86
		Release|Any CPU = Release|Any CPU
		Release|ARM = Release|ARM
		Release|x64 = Release|x64
		Release|x86 = Release|x86
	EndGlobalSection
	GlobalSection(ProjectConfigurationPlatforms) = postSolution
		{E94D353D-D0E6-4D13-85EC-FBF5BB9478A7}.Debug|Any CPU.ActiveCfg = Debug|Any CPU
		{E94D353D-D0E6-4D13-85EC-FBF5BB9478A7}.Debug|Any CPU.Build.0 = Debug|Any CPU
		{E94D353D-D0E6-4D13-85EC-FBF5BB9478A7}.Debug|ARM.ActiveCfg = Debug|ARM
		{E94D353D-D0E6-4D13-85EC-FBF5BB9478A7}.Debug|ARM.Build.0 = Debug|ARM
		{E94D353D-D0E6-4D13-85EC-FBF5BB9478A7}.Debug|x64.ActiveCfg = Debug|x64
		{E94D353D-D0E6-4D13-85EC-FBF5BB9478A7}.Debug|x64.Build.0 = Debug|x64
		{E94D353D-D0E6-4D13-85EC-FBF5BB9478A7}.Debug|x86.ActiveCfg = Debug|x86
		{E94D353D-D0E6-4D13-85EC-FBF5BB9478A7}.Debug|x86.Build.0 = Debug|x86
		{E94D353D-D0E6-4D13-85EC-FBF5BB9478A7}.Release|Any CPU.ActiveCfg = Release|Any CPU
		{E94D353D-D0E6-4D13-85EC-FBF5BB9478A7}.Release|Any CPU.Build.0 = Release|Any CPU
		{E94D353D-D0E6-4D13-85EC-FBF5BB9478A7}.Release|ARM.ActiveCfg = Release|ARM
		{E94D353D-D0E6-4D13-85EC-FBF5BB9478A7}.Release|ARM.Build.0 = Release|ARM
		{E94D353D-D0E6-4D13-85EC-FBF5BB9478A7}.Release|x64.ActiveCfg = Release|x64
		{E94D353D-D0E6-4D13-85EC-FBF5BB9478A7}.Release|x64.Build.0 = Release|x64
		{E94D353D-D0E6-4D13-85EC-FBF5BB9478A7}.Release|x86.ActiveCfg = Release|x86
		{E94D353D-D0E6-4D13-85EC-FBF5BB9478A7}.Release|x86.Build.0 = Release|x86
		{6ACDC042-DC1B-404A-B746-4CAFE8B6597B}.Debug|Any CPU.ActiveCfg = Debug|Any CPU
		{6ACDC042-DC1B-404A-B746-4CAFE8B6597B}.Debug|Any CPU.Build.0 = Debug|Any CPU
		{6ACDC042-DC1B-404A-B746-4CAFE8B6597B}.Debug|ARM.ActiveCfg = Debug|ARM
		{6ACDC042-DC1B-404A-B746-4CAFE8B6597B}.Debug|ARM.Build.0 = Debug|ARM
		{6ACDC042-DC1B-404A-B746-4CAFE8B6597B}.Debug|x64.ActiveCfg = Debug|x64
		{6ACDC042-DC1B-404A-B746-4CAFE8B6597B}.Debug|x64.Build.0 = Debug|x64
		{6ACDC042-DC1B-404A-B746-4CAFE8B6597B}.Debug|x86.ActiveCfg = Debug|x86
		{6ACDC042-DC1B-404A-B746-4CAFE8B6597B}.Debug|x86.Build.0 = Debug|x86
		{6ACDC042-DC1B-404A-B746-4CAFE8B6597B}.Release|Any CPU.ActiveCfg = Release|Any CPU
		{6ACDC042-DC1B-404A-B746-4CAFE8B6597B}.Release|Any CPU.Build.0 = Release|Any CPU
		{6ACDC042-DC1B-404A-B746-4CAFE8B6597B}.Release|ARM.ActiveCfg = Release|ARM
		{6ACDC042-DC1B-404A-B746-4CAFE8B6597B}.Release|ARM.Build.0 = Release|ARM
		{6ACDC042-DC1B-404A-B746-4CAFE8B6597B}.Release|x64.ActiveCfg = Release|x64
		{6ACDC042-DC1B-404A-B746-4CAFE8B6597B}.Release|x64.Build.0 = Release|x64
		{6ACDC042-DC1B-404A-B746-4CAFE8B6597B}.Release|x86.ActiveCfg = Release|x86
		{6ACDC042-DC1B-404A-B746-4CAFE8B6597B}.Release|x86.Build.0 = Release|x86
		{9CFE9A8D-B88C-4EE0-820D-C8EF020D11D2}.Debug|Any CPU.ActiveCfg = Debug|Any CPU
		{9CFE9A8D-B88C-4EE0-820D-C8EF020D11D2}.Debug|Any CPU.Build.0 = Debug|Any CPU
		{9CFE9A8D-B88C-4EE0-820D-C8EF020D11D2}.Debug|ARM.ActiveCfg = Debug|ARM
		{9CFE9A8D-B88C-4EE0-820D-C8EF020D11D2}.Debug|ARM.Build.0 = Debug|ARM
		{9CFE9A8D-B88C-4EE0-820D-C8EF020D11D2}.Debug|x64.ActiveCfg = Debug|x64
		{9CFE9A8D-B88C-4EE0-820D-C8EF020D11D2}.Debug|x64.Build.0 = Debug|x64
		{9CFE9A8D-B88C-4EE0-820D-C8EF020D11D2}.Debug|x86.ActiveCfg = Debug|x86
		{9CFE9A8D-B88C-4EE0-820D-C8EF020D11D2}.Debug|x86.Build.0 = Debug|x86
		{9CFE9A8D-B88C-4EE0-820D-C8EF020D11D2}.Release|Any CPU.ActiveCfg = Release|Any CPU
		{9CFE9A8D-B88C-4EE0-820D-C8EF020D11D2}.Release|Any CPU.Build.0 = Release|Any CPU
		{9CFE9A8D-B88C-4EE0-820D-C8EF020D11D2}.Release|ARM.ActiveCfg = Release|ARM
		{9CFE9A8D-B88C-4EE0-820D-C8EF020D11D2}.Release|ARM.Build.0 = Release|ARM
		{9CFE9A8D-B88C-4EE0-820D-C8EF020D11D2}.Release|x64.ActiveCfg = Release|x64
		{9CFE9A8D-B88C-4EE0-820D-C8EF020D11D2}.Release|x64.Build.0 = Release|x64
		{9CFE9A8D-B88C-4EE0-820D-C8EF020D11D2}.Release|x86.ActiveCfg = Release|x86
		{9CFE9A8D-B88C-4EE0-820D-C8EF020D11D2}.Release|x86.Build.0 = Release|x86
		{FF0CEC3B-3CD4-44E9-ACE3-5C5A8C274DE2}.Debug|Any CPU.ActiveCfg = Debug|x86
		{FF0CEC3B-3CD4-44E9-ACE3-5C5A8C274DE2}.Debug|ARM.ActiveCfg = Debug|ARM
		{FF0CEC3B-3CD4-44E9-ACE3-5C5A8C274DE2}.Debug|ARM.Build.0 = Debug|ARM
		{FF0CEC3B-3CD4-44E9-ACE3-5C5A8C274DE2}.Debug|ARM.Deploy.0 = Debug|ARM
		{FF0CEC3B-3CD4-44E9-ACE3-5C5A8C274DE2}.Debug|x64.ActiveCfg = Debug|x64
		{FF0CEC3B-3CD4-44E9-ACE3-5C5A8C274DE2}.Debug|x64.Build.0 = Debug|x64
		{FF0CEC3B-3CD4-44E9-ACE3-5C5A8C274DE2}.Debug|x64.Deploy.0 = Debug|x64
		{FF0CEC3B-3CD4-44E9-ACE3-5C5A8C274DE2}.Debug|x86.ActiveCfg = Debug|x86
		{FF0CEC3B-3CD4-44E9-ACE3-5C5A8C274DE2}.Debug|x86.Build.0 = Debug|x86
		{FF0CEC3B-3CD4-44E9-ACE3-5C5A8C274DE2}.Debug|x86.Deploy.0 = Debug|x86
		{FF0CEC3B-3CD4-44E9-ACE3-5C5A8C274DE2}.Release|Any CPU.ActiveCfg = Release|x86
		{FF0CEC3B-3CD4-44E9-ACE3-5C5A8C274DE2}.Release|ARM.ActiveCfg = Release|ARM
		{FF0CEC3B-3CD4-44E9-ACE3-5C5A8C274DE2}.Release|ARM.Build.0 = Release|ARM
		{FF0CEC3B-3CD4-44E9-ACE3-5C5A8C274DE2}.Release|ARM.Deploy.0 = Release|ARM
		{FF0CEC3B-3CD4-44E9-ACE3-5C5A8C274DE2}.Release|x64.ActiveCfg = Release|x64
		{FF0CEC3B-3CD4-44E9-ACE3-5C5A8C274DE2}.Release|x64.Build.0 = Release|x64
		{FF0CEC3B-3CD4-44E9-ACE3-5C5A8C274DE2}.Release|x64.Deploy.0 = Release|x64
		{FF0CEC3B-3CD4-44E9-ACE3-5C5A8C274DE2}.Release|x86.ActiveCfg = Release|x86
		{FF0CEC3B-3CD4-44E9-ACE3-5C5A8C274DE2}.Release|x86.Build.0 = Release|x86
		{FF0CEC3B-3CD4-44E9-ACE3-5C5A8C274DE2}.Release|x86.Deploy.0 = Release|x86
		{A26699BB-193B-4343-A4C6-118755B1C648}.Debug|Any CPU.ActiveCfg = Debug|Any CPU
		{A26699BB-193B-4343-A4C6-118755B1C648}.Debug|Any CPU.Build.0 = Debug|Any CPU
		{A26699BB-193B-4343-A4C6-118755B1C648}.Debug|ARM.ActiveCfg = Debug|ARM
		{A26699BB-193B-4343-A4C6-118755B1C648}.Debug|ARM.Build.0 = Debug|ARM
		{A26699BB-193B-4343-A4C6-118755B1C648}.Debug|x64.ActiveCfg = Debug|x64
		{A26699BB-193B-4343-A4C6-118755B1C648}.Debug|x64.Build.0 = Debug|x64
		{A26699BB-193B-4343-A4C6-118755B1C648}.Debug|x86.ActiveCfg = Debug|x86
		{A26699BB-193B-4343-A4C6-118755B1C648}.Debug|x86.Build.0 = Debug|x86
		{A26699BB-193B-4343-A4C6-118755B1C648}.Release|Any CPU.ActiveCfg = Release|Any CPU
		{A26699BB-193B-4343-A4C6-118755B1C648}.Release|Any CPU.Build.0 = Release|Any CPU
		{A26699BB-193B-4343-A4C6-118755B1C648}.Release|ARM.ActiveCfg = Release|ARM
		{A26699BB-193B-4343-A4C6-118755B1C648}.Release|ARM.Build.0 = Release|ARM
		{A26699BB-193B-4343-A4C6-118755B1C648}.Release|x64.ActiveCfg = Release|x64
		{A26699BB-193B-4343-A4C6-118755B1C648}.Release|x64.Build.0 = Release|x64
		{A26699BB-193B-4343-A4C6-118755B1C648}.Release|x86.ActiveCfg = Release|x86
		{A26699BB-193B-4343-A4C6-118755B1C648}.Release|x86.Build.0 = Release|x86
		{B1E8BB5E-BA12-4DA8-AC58-8FD1A4A6BDD2}.Debug|Any CPU.ActiveCfg = Debug|Any CPU
		{B1E8BB5E-BA12-4DA8-AC58-8FD1A4A6BDD2}.Debug|Any CPU.Build.0 = Debug|Any CPU
		{B1E8BB5E-BA12-4DA8-AC58-8FD1A4A6BDD2}.Debug|ARM.ActiveCfg = Debug|ARM
		{B1E8BB5E-BA12-4DA8-AC58-8FD1A4A6BDD2}.Debug|ARM.Build.0 = Debug|ARM
		{B1E8BB5E-BA12-4DA8-AC58-8FD1A4A6BDD2}.Debug|x64.ActiveCfg = Debug|x64
		{B1E8BB5E-BA12-4DA8-AC58-8FD1A4A6BDD2}.Debug|x64.Build.0 = Debug|x64
		{B1E8BB5E-BA12-4DA8-AC58-8FD1A4A6BDD2}.Debug|x86.ActiveCfg = Debug|x86
		{B1E8BB5E-BA12-4DA8-AC58-8FD1A4A6BDD2}.Debug|x86.Build.0 = Debug|x86
		{B1E8BB5E-BA12-4DA8-AC58-8FD1A4A6BDD2}.Release|Any CPU.ActiveCfg = Release|Any CPU
		{B1E8BB5E-BA12-4DA8-AC58-8FD1A4A6BDD2}.Release|Any CPU.Build.0 = Release|Any CPU
		{B1E8BB5E-BA12-4DA8-AC58-8FD1A4A6BDD2}.Release|ARM.ActiveCfg = Release|ARM
		{B1E8BB5E-BA12-4DA8-AC58-8FD1A4A6BDD2}.Release|ARM.Build.0 = Release|ARM
		{B1E8BB5E-BA12-4DA8-AC58-8FD1A4A6BDD2}.Release|x64.ActiveCfg = Release|x64
		{B1E8BB5E-BA12-4DA8-AC58-8FD1A4A6BDD2}.Release|x64.Build.0 = Release|x64
		{B1E8BB5E-BA12-4DA8-AC58-8FD1A4A6BDD2}.Release|x86.ActiveCfg = Release|x86
		{B1E8BB5E-BA12-4DA8-AC58-8FD1A4A6BDD2}.Release|x86.Build.0 = Release|x86
		{FA3AC14C-72C7-4798-90D0-749570EEEF33}.Debug|Any CPU.ActiveCfg = Debug|x86
		{FA3AC14C-72C7-4798-90D0-749570EEEF33}.Debug|ARM.ActiveCfg = Debug|ARM
		{FA3AC14C-72C7-4798-90D0-749570EEEF33}.Debug|ARM.Build.0 = Debug|ARM
		{FA3AC14C-72C7-4798-90D0-749570EEEF33}.Debug|ARM.Deploy.0 = Debug|ARM
		{FA3AC14C-72C7-4798-90D0-749570EEEF33}.Debug|x64.ActiveCfg = Debug|x64
		{FA3AC14C-72C7-4798-90D0-749570EEEF33}.Debug|x64.Build.0 = Debug|x64
		{FA3AC14C-72C7-4798-90D0-749570EEEF33}.Debug|x64.Deploy.0 = Debug|x64
		{FA3AC14C-72C7-4798-90D0-749570EEEF33}.Debug|x86.ActiveCfg = Debug|x86
		{FA3AC14C-72C7-4798-90D0-749570EEEF33}.Debug|x86.Build.0 = Debug|x86
		{FA3AC14C-72C7-4798-90D0-749570EEEF33}.Debug|x86.Deploy.0 = Debug|x86
		{FA3AC14C-72C7-4798-90D0-749570EEEF33}.Release|Any CPU.ActiveCfg = Release|x86
		{FA3AC14C-72C7-4798-90D0-749570EEEF33}.Release|ARM.ActiveCfg = Release|ARM
		{FA3AC14C-72C7-4798-90D0-749570EEEF33}.Release|ARM.Build.0 = Release|ARM
		{FA3AC14C-72C7-4798-90D0-749570EEEF33}.Release|ARM.Deploy.0 = Release|ARM
		{FA3AC14C-72C7-4798-90D0-749570EEEF33}.Release|x64.ActiveCfg = Release|x64
		{FA3AC14C-72C7-4798-90D0-749570EEEF33}.Release|x64.Build.0 = Release|x64
		{FA3AC14C-72C7-4798-90D0-749570EEEF33}.Release|x64.Deploy.0 = Release|x64
		{FA3AC14C-72C7-4798-90D0-749570EEEF33}.Release|x86.ActiveCfg = Release|x86
		{FA3AC14C-72C7-4798-90D0-749570EEEF33}.Release|x86.Build.0 = Release|x86
		{FA3AC14C-72C7-4798-90D0-749570EEEF33}.Release|x86.Deploy.0 = Release|x86
	EndGlobalSection
	GlobalSection(SolutionProperties) = preSolution
		HideSolutionNode = FALSE
	EndGlobalSection
	GlobalSection(NestedProjects) = preSolution
		{9CFE9A8D-B88C-4EE0-820D-C8EF020D11D2} = {A1B17634-2281-4BB5-93D9-395647F0DE9E}
		{FF0CEC3B-3CD4-44E9-ACE3-5C5A8C274DE2} = {A1B17634-2281-4BB5-93D9-395647F0DE9E}
		{B1E8BB5E-BA12-4DA8-AC58-8FD1A4A6BDD2} = {8AA31863-565A-4182-9049-BBC18FFB1C15}
		{FA3AC14C-72C7-4798-90D0-749570EEEF33} = {8AA31863-565A-4182-9049-BBC18FFB1C15}
	EndGlobalSection
EndGlobal
